
Microsoft Visual Studio Solution File, Format Version 12.00
# Visual Studio Version 17
VisualStudioVersion = 17.1.32210.238
MinimumVisualStudioVersion = 10.0.40219.1
Project("{FAE04EC0-301F-11D3-BF4B-00C04F79EFBC}") = "Todo2.Android", "Todo2\Todo2.Android\Todo2.Android.csproj", "{7DB59FCC-12E3-4AEB-8051-7D5268339131}"
EndProject
Project("{FAE04EC0-301F-11D3-BF4B-00C04F79EFBC}") = "Todo2.iOS", "Todo2\Todo2.iOS\Todo2.iOS.csproj", "{3676C28E-AFA3-4FF2-A4D6-6EE0A787893F}"
EndProject
Project("{FAE04EC0-301F-11D3-BF4B-00C04F79EFBC}") = "Todo2", "Todo2\Todo2\Todo2.csproj", "{FBC4C2E4-5F5B-4839-82D6-C05C58E8BEF9}"
EndProject
Global
	GlobalSection(SolutionConfigurationPlatforms) = preSolution
		Debug|Any CPU = Debug|Any CPU
		Debug|iPhone = Debug|iPhone
		Debug|iPhoneSimulator = Debug|iPhoneSimulator
		Release|Any CPU = Release|Any CPU
		Release|iPhone = Release|iPhone
		Release|iPhoneSimulator = Release|iPhoneSimulator
	EndGlobalSection
	GlobalSection(ProjectConfigurationPlatforms) = postSolution
		{7DB59FCC-12E3-4AEB-8051-7D5268339131}.Debug|Any CPU.ActiveCfg = Debug|Any CPU
		{7DB59FCC-12E3-4AEB-8051-7D5268339131}.Debug|Any CPU.Build.0 = Debug|Any CPU
		{7DB59FCC-12E3-4AEB-8051-7D5268339131}.Debug|Any CPU.Deploy.0 = Debug|Any CPU
		{7DB59FCC-12E3-4AEB-8051-7D5268339131}.Debug|iPhone.ActiveCfg = Debug|Any CPU
		{7DB59FCC-12E3-4AEB-8051-7D5268339131}.Debug|iPhone.Build.0 = Debug|Any CPU
		{7DB59FCC-12E3-4AEB-8051-7D5268339131}.Debug|iPhone.Deploy.0 = Debug|Any CPU
		{7DB59FCC-12E3-4AEB-8051-7D5268339131}.Debug|iPhoneSimulator.ActiveCfg = Debug|Any CPU
		{7DB59FCC-12E3-4AEB-8051-7D5268339131}.Debug|iPhoneSimulator.Build.0 = Debug|Any CPU
		{7DB59FCC-12E3-4AEB-8051-7D5268339131}.Debug|iPhoneSimulator.Deploy.0 = Debug|Any CPU
		{7DB59FCC-12E3-4AEB-8051-7D5268339131}.Release|Any CPU.ActiveCfg = Release|Any CPU
		{7DB59FCC-12E3-4AEB-8051-7D5268339131}.Release|Any CPU.Build.0 = Release|Any CPU
		{7DB59FCC-12E3-4AEB-8051-7D5268339131}.Release|Any CPU.Deploy.0 = Release|Any CPU
		{7DB59FCC-12E3-4AEB-8051-7D5268339131}.Release|iPhone.ActiveCfg = Release|Any CPU
		{7DB59FCC-12E3-4AEB-8051-7D5268339131}.Release|iPhone.Build.0 = Release|Any CPU
		{7DB59FCC-12E3-4AEB-8051-7D5268339131}.Release|iPhone.Deploy.0 = Release|Any CPU
		{7DB59FCC-12E3-4AEB-8051-7D5268339131}.Release|iPhoneSimulator.ActiveCfg = Release|Any CPU
		{7DB59FCC-12E3-4AEB-8051-7D5268339131}.Release|iPhoneSimulator.Build.0 = Release|Any CPU
		{7DB59FCC-12E3-4AEB-8051-7D5268339131}.Release|iPhoneSimulator.Deploy.0 = Release|Any CPU
		{3676C28E-AFA3-4FF2-A4D6-6EE0A787893F}.Debug|Any CPU.ActiveCfg = Debug|iPhone
		{3676C28E-AFA3-4FF2-A4D6-6EE0A787893F}.Debug|Any CPU.Build.0 = Debug|iPhone
		{3676C28E-AFA3-4FF2-A4D6-6EE0A787893F}.Debug|Any CPU.Deploy.0 = Debug|iPhone
		{3676C28E-AFA3-4FF2-A4D6-6EE0A787893F}.Debug|iPhone.ActiveCfg = Debug|iPhone
		{3676C28E-AFA3-4FF2-A4D6-6EE0A787893F}.Debug|iPhone.Build.0 = Debug|iPhone
		{3676C28E-AFA3-4FF2-A4D6-6EE0A787893F}.Debug|iPhone.Deploy.0 = Debug|iPhone
		{3676C28E-AFA3-4FF2-A4D6-6EE0A787893F}.Debug|iPhoneSimulator.ActiveCfg = Debug|iPhoneSimulator
		{3676C28E-AFA3-4FF2-A4D6-6EE0A787893F}.Debug|iPhoneSimulator.Build.0 = Debug|iPhoneSimulator
		{3676C28E-AFA3-4FF2-A4D6-6EE0A787893F}.Debug|iPhoneSimulator.Deploy.0 = Debug|iPhoneSimulator
		{3676C28E-AFA3-4FF2-A4D6-6EE0A787893F}.Release|Any CPU.ActiveCfg = Release|iPhoneSimulator
		{3676C28E-AFA3-4FF2-A4D6-6EE0A787893F}.Release|Any CPU.Build.0 = Release|iPhoneSimulator
		{3676C28E-AFA3-4FF2-A4D6-6EE0A787893F}.Release|Any CPU.Deploy.0 = Release|iPhoneSimulator
		{3676C28E-AFA3-4FF2-A4D6-6EE0A787893F}.Release|iPhone.ActiveCfg = Release|iPhone
		{3676C28E-AFA3-4FF2-A4D6-6EE0A787893F}.Release|iPhone.Build.0 = Release|iPhone
		{3676C28E-AFA3-4FF2-A4D6-6EE0A787893F}.Release|iPhone.Deploy.0 = Release|iPhone
		{3676C28E-AFA3-4FF2-A4D6-6EE0A787893F}.Release|iPhoneSimulator.ActiveCfg = Release|iPhoneSimulator
		{3676C28E-AFA3-4FF2-A4D6-6EE0A787893F}.Release|iPhoneSimulator.Build.0 = Release|iPhoneSimulator
		{3676C28E-AFA3-4FF2-A4D6-6EE0A787893F}.Release|iPhoneSimulator.Deploy.0 = Release|iPhoneSimulator
		{FBC4C2E4-5F5B-4839-82D6-C05C58E8BEF9}.Debug|Any CPU.ActiveCfg = Debug|Any CPU
		{FBC4C2E4-5F5B-4839-82D6-C05C58E8BEF9}.Debug|Any CPU.Build.0 = Debug|Any CPU
		{FBC4C2E4-5F5B-4839-82D6-C05C58E8BEF9}.Debug|Any CPU.Deploy.0 = Debug|Any CPU
		{FBC4C2E4-5F5B-4839-82D6-C05C58E8BEF9}.Debug|iPhone.ActiveCfg = Debug|Any CPU
		{FBC4C2E4-5F5B-4839-82D6-C05C58E8BEF9}.Debug|iPhone.Build.0 = Debug|Any CPU
		{FBC4C2E4-5F5B-4839-82D6-C05C58E8BEF9}.Debug|iPhone.Deploy.0 = Debug|Any CPU
		{FBC4C2E4-5F5B-4839-82D6-C05C58E8BEF9}.Debug|iPhoneSimulator.ActiveCfg = Debug|Any CPU
		{FBC4C2E4-5F5B-4839-82D6-C05C58E8BEF9}.Debug|iPhoneSimulator.Build.0 = Debug|Any CPU
		{FBC4C2E4-5F5B-4839-82D6-C05C58E8BEF9}.Debug|iPhoneSimulator.Deploy.0 = Debug|Any CPU
		{FBC4C2E4-5F5B-4839-82D6-C05C58E8BEF9}.Release|Any CPU.ActiveCfg = Release|Any CPU
		{FBC4C2E4-5F5B-4839-82D6-C05C58E8BEF9}.Release|Any CPU.Build.0 = Release|Any CPU
		{FBC4C2E4-5F5B-4839-82D6-C05C58E8BEF9}.Release|Any CPU.Deploy.0 = Release|Any CPU
		{FBC4C2E4-5F5B-4839-82D6-C05C58E8BEF9}.Release|iPhone.ActiveCfg = Release|Any CPU
		{FBC4C2E4-5F5B-4839-82D6-C05C58E8BEF9}.Release|iPhone.Build.0 = Release|Any CPU
		{FBC4C2E4-5F5B-4839-82D6-C05C58E8BEF9}.Release|iPhone.Deploy.0 = Release|Any CPU
		{FBC4C2E4-5F5B-4839-82D6-C05C58E8BEF9}.Release|iPhoneSimulator.ActiveCfg = Release|Any CPU
		{FBC4C2E4-5F5B-4839-82D6-C05C58E8BEF9}.Release|iPhoneSimulator.Build.0 = Release|Any CPU
		{FBC4C2E4-5F5B-4839-82D6-C05C58E8BEF9}.Release|iPhoneSimulator.Deploy.0 = Release|Any CPU
	EndGlobalSection
	GlobalSection(SolutionProperties) = preSolution
		HideSolutionNode = FALSE
	EndGlobalSection
	GlobalSection(ExtensibilityGlobals) = postSolution
		SolutionGuid = {80787530-FC2D-4AA0-9C9E-7F3EF6126195}
	EndGlobalSection
EndGlobal
